{
  "nodes": {
    "nixpkgs": {
      "locked": {
        "lastModified": 1709613862,
        "narHash": "sha256-mH+c2gFEzEe49lhUWJ0ieIaMaJ1W85E6G1xLm8ege90=",
        "owner": "NixOS",
        "repo": "nixpkgs",
        "rev": "311a4be96d940a0c673e88bd5bc83ea4f005cc02",
        "type": "github"
      },
      "original": {
        "id": "nixpkgs",
        "type": "indirect"
      }
    },
    "root": {
      "inputs": {
        "nixpkgs": "nixpkgs"
      }
    }
  },
  "root": "root",
  "version": 7
}
